
Microsoft Visual Studio Solution File, Format Version 12.00
# Visual Studio Version 17
VisualStudioVersion = 17.4.33110.190
MinimumVisualStudioVersion = 10.0.40219.1
Project("{FAE04EC0-301F-11D3-BF4B-00C04F79EFBC}") = "SportsMVC", "SportsMVC\SportsMVC.csproj", "{878CED13-48E5-4B2C-B980-F470FE4FB43E}"
EndProject
Global
	GlobalSection(SolutionConfigurationPlatforms) = preSolution
		Debug|Any CPU = Debug|Any CPU
		Release|Any CPU = Release|Any CPU
	EndGlobalSection
	GlobalSection(ProjectConfigurationPlatforms) = postSolution
		{878CED13-48E5-4B2C-B980-F470FE4FB43E}.Debug|Any CPU.ActiveCfg = Debug|Any CPU
		{878CED13-48E5-4B2C-B980-F470FE4FB43E}.Debug|Any CPU.Build.0 = Debug|Any CPU
		{878CED13-48E5-4B2C-B980-F470FE4FB43E}.Release|Any CPU.ActiveCfg = Release|Any CPU
		{878CED13-48E5-4B2C-B980-F470FE4FB43E}.Release|Any CPU.Build.0 = Release|Any CPU
	EndGlobalSection
	GlobalSection(SolutionProperties) = preSolution
		HideSolutionNode = FALSE
	EndGlobalSection
	GlobalSection(ExtensibilityGlobals) = postSolution
		SolutionGuid = {0D0B29DE-2D45-44E8-A5C3-EDA74160934B}
	EndGlobalSection
EndGlobal
